
Microsoft Visual Studio Solution File, Format Version 10.00
# Visual Studio 2008
Project("{8BC9CEB8-8B4A-11D0-8D11-00A0C91BC942}") = "usbclerk", "usbclerk.vcproj", "{DD1D4792-43A2-4959-8FAE-08C16F61DA26}"
EndProject
Project("{8BC9CEB8-8B4A-11D0-8D11-00A0C91BC942}") = "usbclerktest", "usbclerktest.vcproj", "{69C12B50-471C-42B0-8C7A-8EB71AD3EFBE}"
EndProject
Global
	GlobalSection(SolutionConfigurationPlatforms) = preSolution
		Debug|Win32 = Debug|Win32
		Debug|x64 = Debug|x64
		Release|Win32 = Release|Win32
		Release|x64 = Release|x64
	EndGlobalSection
	GlobalSection(ProjectConfigurationPlatforms) = postSolution
		{DD1D4792-43A2-4959-8FAE-08C16F61DA26}.Debug|Win32.ActiveCfg = Debug|Win32
		{DD1D4792-43A2-4959-8FAE-08C16F61DA26}.Debug|Win32.Build.0 = Debug|Win32
		{DD1D4792-43A2-4959-8FAE-08C16F61DA26}.Debug|x64.ActiveCfg = Debug|x64
		{DD1D4792-43A2-4959-8FAE-08C16F61DA26}.Debug|x64.Build.0 = Debug|x64
		{DD1D4792-43A2-4959-8FAE-08C16F61DA26}.Release|Win32.ActiveCfg = Release|Win32
		{DD1D4792-43A2-4959-8FAE-08C16F61DA26}.Release|Win32.Build.0 = Release|Win32
		{DD1D4792-43A2-4959-8FAE-08C16F61DA26}.Release|x64.ActiveCfg = Release|x64
		{DD1D4792-43A2-4959-8FAE-08C16F61DA26}.Release|x64.Build.0 = Release|x64
		{69C12B50-471C-42B0-8C7A-8EB71AD3EFBE}.Debug|Win32.ActiveCfg = Debug|Win32
		{69C12B50-471C-42B0-8C7A-8EB71AD3EFBE}.Debug|Win32.Build.0 = Debug|Win32
		{69C12B50-471C-42B0-8C7A-8EB71AD3EFBE}.Debug|x64.ActiveCfg = Debug|x64
		{69C12B50-471C-42B0-8C7A-8EB71AD3EFBE}.Debug|x64.Build.0 = Debug|x64
		{69C12B50-471C-42B0-8C7A-8EB71AD3EFBE}.Release|Win32.ActiveCfg = Release|Win32
		{69C12B50-471C-42B0-8C7A-8EB71AD3EFBE}.Release|Win32.Build.0 = Release|Win32
		{69C12B50-471C-42B0-8C7A-8EB71AD3EFBE}.Release|x64.ActiveCfg = Release|x64
		{69C12B50-471C-42B0-8C7A-8EB71AD3EFBE}.Release|x64.Build.0 = Release|x64
	EndGlobalSection
	GlobalSection(SolutionProperties) = preSolution
		HideSolutionNode = FALSE
	EndGlobalSection
EndGlobal
